<?xml version="1.0" encoding="utf-8"?>
<Project ToolsVersion="4.0" xmlns="http://schemas.microsoft.com/developer/msbuild/2003">
  <ItemGroup>
    <None Include="config.cfg" />
  </ItemGroup>
  <ItemGroup>
    <Text Include="alphabet.txt" />
    <Text Include="hashes.txt" />
  </ItemGroup>
  <ItemGroup>
    <ClInclude Include="PropertyManager\Properties.h">
      <Filter>PropertyManager</Filter>
    </ClInclude>
    <ClInclude Include="PropertyManager\PropertyManager.h">
      <Filter>PropertyManager</Filter>
    </ClInclude>
    <ClInclude Include="Resources\resource.h">
      <Filter>Resources</Filter>
    </ClInclude>
    <ClInclude Include="SaveManager.h">
      <Filter>SaveManager</Filter>
    </ClInclude>
  </ItemGroup>
  <ItemGroup>
    <Filter Include="PropertyManager">
      <UniqueIdentifier>{636b7a57-09b1-47dd-b61e-b387fce641a8}</UniqueIdentifier>
    </Filter>
    <Filter Include="Resources">
      <UniqueIdentifier>{d560e6d9-df96-48d3-aead-196e8d85ed4e}</UniqueIdentifier>
    </Filter>
    <Filter Include="SaveManager">
      <UniqueIdentifier>{b80ec48e-fb7c-4204-a462-be727a261c54}</UniqueIdentifier>
    </Filter>
  </ItemGroup>
  <ItemGroup>
    <ClCompile Include="PropertyManager\Properties.cpp">
      <Filter>PropertyManager</Filter>
    </ClCompile>
    <ClCompile Include="PropertyManager\PropertyManager.cpp">
      <Filter>PropertyManager</Filter>
    </ClCompile>
    <ClCompile Include="SaveManager.cpp">
      <Filter>SaveManager</Filter>
    </ClCompile>
  </ItemGroup>
  <ItemGroup>
    <ResourceCompile Include="Resources\Crusader.rc">
      <Filter>Resources</Filter>
    </ResourceCompile>
  </ItemGroup>
  <ItemGroup>
    <Image Include="Resources\mace-head.ico">
      <Filter>Resources</Filter>
    </Image>
  </ItemGroup>
  <ItemGroup>
    <CudaCompile Include="Main.cu" />
  </ItemGroup>
</Project>